
Microsoft Visual Studio Solution File, Format Version 12.00
# Visual Studio Version 17
VisualStudioVersion = 17.3.32825.248
MinimumVisualStudioVersion = 10.0.40219.1
Project("{FAE04EC0-301F-11D3-BF4B-00C04F79EFBC}") = "App_Project", "App_Project.csproj", "{129C38C8-7C2B-444B-8F3A-78BFC9DC2BCC}"
EndProject
Global
	GlobalSection(SolutionConfigurationPlatforms) = preSolution
		Debug|Any CPU = Debug|Any CPU
		Release|Any CPU = Release|Any CPU
	EndGlobalSection
	GlobalSection(ProjectConfigurationPlatforms) = postSolution
		{129C38C8-7C2B-444B-8F3A-78BFC9DC2BCC}.Debug|Any CPU.ActiveCfg = Debug|Any CPU
		{129C38C8-7C2B-444B-8F3A-78BFC9DC2BCC}.Debug|Any CPU.Build.0 = Debug|Any CPU
		{129C38C8-7C2B-444B-8F3A-78BFC9DC2BCC}.Release|Any CPU.ActiveCfg = Release|Any CPU
		{129C38C8-7C2B-444B-8F3A-78BFC9DC2BCC}.Release|Any CPU.Build.0 = Release|Any CPU
	EndGlobalSection
	GlobalSection(SolutionProperties) = preSolution
		HideSolutionNode = FALSE
	EndGlobalSection
	GlobalSection(ExtensibilityGlobals) = postSolution
		SolutionGuid = {52BC566A-D2D4-4DBB-B8AF-189A9825AFB1}
	EndGlobalSection
EndGlobal
